// !$*UTF8*$!
{
	archiveVersion = 1;
	classes = {
	};
	objectVersion = 46;
	objects = {

/* Begin PBXBuildFile section */
		2A416F381E440B3D0010EF4B /* AppDelegate.swift in Sources */ = {isa = PBXBuildFile; fileRef = 2A416F371E440B3D0010EF4B /* AppDelegate.swift */; };
		2A416F3A1E440B3D0010EF4B /* ViewController.swift in Sources */ = {isa = PBXBuildFile; fileRef = 2A416F391E440B3D0010EF4B /* ViewController.swift */; };
		2A416F3D1E440B3D0010EF4B /* Main.storyboard in Resources */ = {isa = PBXBuildFile; fileRef = 2A416F3B1E440B3D0010EF4B /* Main.storyboard */; };
		2A416F3F1E440B3D0010EF4B /* Assets.xcassets in Resources */ = {isa = PBXBuildFile; fileRef = 2A416F3E1E440B3D0010EF4B /* Assets.xcassets */; };
		2A416F421E440B3D0010EF4B /* LaunchScreen.storyboard in Resources */ = {isa = PBXBuildFile; fileRef = 2A416F401E440B3D0010EF4B /* LaunchScreen.storyboard */; };
		2A416F4A1E44F3770010EF4B /* DefinitionViewController.swift in Sources */ = {isa = PBXBuildFile; fileRef = 2A416F491E44F3770010EF4B /* DefinitionViewController.swift */; };
		2A54E9411E4BC92300496D02 /* emoji.swift in Sources */ = {isa = PBXBuildFile; fileRef = 2A54E9401E4BC92300496D02 /* emoji.swift */; };
/* End PBXBuildFile section */

/* Begin PBXFileReference section */
		2A416F341E440B3D0010EF4B /* Emoji Dictionary.app */ = {isa = PBXFileReference; explicitFileType = wrapper.application; includeInIndex = 0; path = "Emoji Dictionary.app"; sourceTree = BUILT_PRODUCTS_DIR; };
		2A416F371E440B3D0010EF4B /* AppDelegate.swift */ = {isa = PBXFileReference; lastKnownFileType = sourcecode.swift; path = AppDelegate.swift; sourceTree = "<group>"; };
		2A416F391E440B3D0010EF4B /* ViewController.swift */ = {isa = PBXFileReference; lastKnownFileType = sourcecode.swift; path = ViewController.swift; sourceTree = "<group>"; };
		2A416F3C1E440B3D0010EF4B /* Base */ = {isa = PBXFileReference; lastKnownFileType = file.storyboard; name = Base; path = Base.lproj/Main.storyboard; sourceTree = "<group>"; };
		2A416F3E1E440B3D0010EF4B /* Assets.xcassets */ = {isa = PBXFileReference; lastKnownFileType = folder.assetcatalog; path = Assets.xcassets; sourceTree = "<group>"; };
		2A416F411E440B3D0010EF4B /* Base */ = {isa = PBXFileReference; lastKnownFileType = file.storyboard; name = Base; path = Base.lproj/LaunchScreen.storyboard; sourceTree = "<group>"; };
		2A416F431E440B3D0010EF4B /* Info.plist */ = {isa = PBXFileReference; lastKnownFileType = text.plist.xml; path = Info.plist; sourceTree = "<group>"; };
		2A416F491E44F3770010EF4B /* DefinitionViewController.swift */ = {isa = PBXFileReference; fileEncoding = 4; lastKnownFileType = sourcecode.swift; path = DefinitionViewController.swift; sourceTree = "<group>"; };
		2A54E9401E4BC92300496D02 /* emoji.swift */ = {isa = PBXFileReference; fileEncoding = 4; lastKnownFileType = sourcecode.swift; path = emoji.swift; sourceTree = "<group>"; };
/* End PBXFileReference section */

/* Begin PBXFrameworksBuildPhase section */
		2A416F311E440B3D0010EF4B /* Frameworks */ = {
			isa = PBXFrameworksBuildPhase;
			buildActionMask = 2147483647;
			files = (
			);
			runOnlyForDeploymentPostprocessing = 0;
		};
/* End PBXFrameworksBuildPhase section */

/* Begin PBXGroup section */
		2A416F2B1E440B3D0010EF4B = {
			isa = PBXGroup;
			children = (
				2A416F361E440B3D0010EF4B /* Emoji Divtionary */,
				2A416F351E440B3D0010EF4B /* Products */,
			);
			sourceTree = "<group>";
		};
		2A416F351E440B3D0010EF4B /* Products */ = {
			isa = PBXGroup;
			children = (
				2A416F341E440B3D0010EF4B /* Emoji Dictionary.app */,
			);
			name = Products;
			sourceTree = "<group>";
		};
		2A416F361E440B3D0010EF4B /* Emoji Divtionary */ = {
			isa = PBXGroup;
			children = (
				2A416F371E440B3D0010EF4B /* AppDelegate.swift */,
				2A54E9401E4BC92300496D02 /* emoji.swift */,
				2A416F391E440B3D0010EF4B /* ViewController.swift */,
				2A416F491E44F3770010EF4B /* DefinitionViewController.swift */,
				2A416F3B1E440B3D0010EF4B /* Main.storyboard */,
				2A416F3E1E440B3D0010EF4B /* Assets.xcassets */,
				2A416F401E440B3D0010EF4B /* LaunchScreen.storyboard */,
				2A416F431E440B3D0010EF4B /* Info.plist */,
			);
			path = "Emoji Divtionary";
			sourceTree = "<group>";
		};
/* End PBXGroup section */

/* Begin PBXNativeTarget section */
		2A416F331E440B3D0010EF4B /* Emoji Dictionary */ = {
			isa = PBXNativeTarget;
			buildConfigurationList = 2A416F461E440B3D0010EF4B /* Build configuration list for PBXNativeTarget "Emoji Dictionary" */;
			buildPhases = (
				2A416F301E440B3D0010EF4B /* Sources */,
				2A416F311E440B3D0010EF4B /* Frameworks */,
				2A416F321E440B3D0010EF4B /* Resources */,
			);
			buildRules = (
			);
			dependencies = (
			);
			name = "Emoji Dictionary";
			productName = "Emoji Divtionary";
			productReference = 2A416F341E440B3D0010EF4B /* Emoji Dictionary.app */;
			productType = "com.apple.product-type.application";
		};
/* End PBXNativeTarget section */

/* Begin PBXProject section */
		2A416F2C1E440B3D0010EF4B /* Project object */ = {
			isa = PBXProject;
			attributes = {
				LastSwiftUpdateCheck = 0820;
				LastUpgradeCheck = 0820;
				ORGANIZATIONNAME = "G&H";
				TargetAttributes = {
					2A416F331E440B3D0010EF4B = {
						CreatedOnToolsVersion = 8.2.1;
						DevelopmentTeam = 329J3E6JUK;
						ProvisioningStyle = Automatic;
					};
				};
			};
			buildConfigurationList = 2A416F2F1E440B3D0010EF4B /* Build configuration list for PBXProject "Emoji Dictionary" */;
			compatibilityVersion = "Xcode 3.2";
			developmentRegion = English;
			hasScannedForEncodings = 0;
			knownRegions = (
				en,
				Base,
			);
			mainGroup = 2A416F2B1E440B3D0010EF4B;
			productRefGroup = 2A416F351E440B3D0010EF4B /* Products */;
			projectDirPath = "";
			projectRoot = "";
			targets = (
				2A416F331E440B3D0010EF4B /* Emoji Dictionary */,
			);
		};
/* End PBXProject section */

/* Begin PBXResourcesBuildPhase section */
		2A416F321E440B3D0010EF4B /* Resources */ = {
			isa = PBXResourcesBuildPhase;
			buildActionMask = 2147483647;
			files = (
				2A416F421E440B3D0010EF4B /* LaunchScreen.storyboard in Resources */,
				2A416F3F1E440B3D0010EF4B /* Assets.xcassets in Resources */,
				2A416F3D1E440B3D0010EF4B /* Main.storyboard in Resources */,
			);
			runOnlyForDeploymentPostprocessing = 0;
		};
/* End PBXResourcesBuildPhase section */

/* Begin PBXSourcesBuildPhase section */
		2A416F301E440B3D0010EF4B /* Sources */ = {
			isa = PBXSourcesBuildPhase;
			buildActionMask = 2147483647;
			files = (
				2A416F3A1E440B3D0010EF4B /* ViewController.swift in Sources */,
				2A416F4A1E44F3770010EF4B /* DefinitionViewController.swift in Sources */,
				2A54E9411E4BC92300496D02 /* emoji.swift in Sources */,
				2A416F381E440B3D0010EF4B /* AppDelegate.swift in Sources */,
			);
			runOnlyForDeploymentPostprocessing = 0;
		};
/* End PBXSourcesBuildPhase section */

/* Begin PBXVariantGroup section */
		2A416F3B1E440B3D0010EF4B /* Main.storyboard */ = {
			isa = PBXVariantGroup;
			children = (
				2A416F3C1E440B3D0010EF4B /* Base */,
			);
			name = Main.storyboard;
			sourceTree = "<group>";
		};
		2A416F401E440B3D0010EF4B /* LaunchScreen.storyboard */ = {
			isa = PBXVariantGroup;
			children = (
				2A416F411E440B3D0010EF4B /* Base */,
			);
			name = LaunchScreen.storyboard;
			sourceTree = "<group>";
		};
/* End PBXVariantGroup section */

/* Begin XCBuildConfiguration section */
		2A416F441E440B3D0010EF4B /* Debug */ = {
			isa = XCBuildConfiguration;
			buildSettings = {
				ALWAYS_SEARCH_USER_PATHS = NO;
				CLANG_ANALYZER_NONNULL = YES;
				CLANG_CXX_LANGUAGE_STANDARD = "gnu++0x";
				CLANG_CXX_LIBRARY = "libc++";
				CLANG_ENABLE_MODULES = YES;
				CLANG_ENABLE_OBJC_ARC = YES;
				CLANG_WARN_BOOL_CONVERSION = YES;
				CLANG_WARN_CONSTANT_CONVERSION = YES;
				CLANG_WARN_DIRECT_OBJC_ISA_USAGE = YES_ERROR;
				CLANG_WARN_DOCUMENTATION_COMMENTS = YES;
				CLANG_WARN_EMPTY_BODY = YES;
				CLANG_WARN_ENUM_CONVERSION = YES;
				CLANG_WARN_INFINITE_RECURSION = YES;
				CLANG_WARN_INT_CONVERSION = YES;
				CLANG_WARN_OBJC_ROOT_CLASS = YES_ERROR;
				CLANG_WARN_SUSPICIOUS_MOVE = YES;
				CLANG_WARN_UNREACHABLE_CODE = YES;
				CLANG_WARN__DUPLICATE_METHOD_MATCH = YES;
				"CODE_SIGN_IDENTITY[sdk=iphoneos*]" = "iPhone Developer";
				COPY_PHASE_STRIP = NO;
				DEBUG_INFORMATION_FORMAT = dwarf;
				ENABLE_STRICT_OBJC_MSGSEND = YES;
				ENABLE_TESTABILITY = YES;
				GCC_C_LANGUAGE_STANDARD = gnu99;
				GCC_DYNAMIC_NO_PIC = NO;
				GCC_NO_COMMON_BLOCKS = YES;
				GCC_OPTIMIZATION_LEVEL = 0;
				GCC_PREPROCESSOR_DEFINITIONS = (
					"DEBUG=1",
					"$(inherited)",
				);
				GCC_WARN_64_TO_32_BIT_CONVERSION = YES;
				GCC_WARN_ABOUT_RETURN_TYPE = YES_ERROR;
				GCC_WARN_UNDECLARED_SELECTOR = YES;
				GCC_WARN_UNINITIALIZED_AUTOS = YES_AGGRESSIVE;
				GCC_WARN_UNUSED_FUNCTION = YES;
				GCC_WARN_UNUSED_VARIABLE = YES;
				IPHONEOS_DEPLOYMENT_TARGET = 10.2;
				MTL_ENABLE_DEBUG_INFO = YES;
				ONLY_ACTIVE_ARCH = YES;
				SDKROOT = iphoneos;
				SWIFT_ACTIVE_COMPILATION_CONDITIONS = DEBUG;
				SWIFT_OPTIMIZATION_LEVEL = "-Onone";
				TARGETED_DEVICE_FAMILY = "1,2";
			};
			name = Debug;
		};
		2A416F451E440B3D0010EF4B /* Release */ = {
			isa = XCBuildConfiguration;
			buildSettings = {
				ALWAYS_SEARCH_USER_PATHS = NO;
				CLANG_ANALYZER_NONNULL = YES;
				CLANG_CXX_LANGUAGE_STANDARD = "gnu++0x";
				CLANG_CXX_LIBRARY = "libc++";
				CLANG_ENABLE_MODULES = YES;
				CLANG_ENABLE_OBJC_ARC = YES;
				CLANG_WARN_BOOL_CONVERSION = YES;
				CLANG_WARN_CONSTANT_CONVERSION = YES;
				CLANG_WARN_DIRECT_OBJC_ISA_USAGE = YES_ERROR;
				CLANG_WARN_DOCUMENTATION_COMMENTS = YES;
				CLANG_WARN_EMPTY_BODY = YES;
				CLANG_WARN_ENUM_CONVERSION = YES;
				CLANG_WARN_INFINITE_RECURSION = YES;
				CLANG_WARN_INT_CONVERSION = YES;
				CLANG_WARN_OBJC_ROOT_CLASS = YES_ERROR;
				CLANG_WARN_SUSPICIOUS_MOVE = YES;
				CLANG_WARN_UNREACHABLE_CODE = YES;
				CLANG_WARN__DUPLICATE_METHOD_MATCH = YES;
				"CODE_SIGN_IDENTITY[sdk=iphoneos*]" = "iPhone Developer";
				COPY_PHASE_STRIP = NO;
				DEBUG_INFORMATION_FORMAT = "dwarf-with-dsym";
				ENABLE_NS_ASSERTIONS = NO;
				ENABLE_STRICT_OBJC_MSGSEND = YES;
				GCC_C_LANGUAGE_STANDARD = gnu99;
				GCC_NO_COMMON_BLOCKS = YES;
				GCC_WARN_64_TO_32_BIT_CONVERSION = YES;
				GCC_WARN_ABOUT_RETURN_TYPE = YES_ERROR;
				GCC_WARN_UNDECLARED_SELECTOR = YES;
				GCC_WARN_UNINITIALIZED_AUTOS = YES_AGGRESSIVE;
				GCC_WARN_UNUSED_FUNCTION = YES;
				GCC_WARN_UNUSED_VARIABLE = YES;
				IPHONEOS_DEPLOYMENT_TARGET = 10.2;
				MTL_ENABLE_DEBUG_INFO = NO;
				SDKROOT = iphoneos;
				SWIFT_OPTIMIZATION_LEVEL = "-Owholemodule";
				TARGETED_DEVICE_FAMILY = "1,2";
				VALIDATE_PRODUCT = YES;
			};
			name = Release;
		};
		2A416F471E440B3D0010EF4B /* Debug */ = {
			isa = XCBuildConfiguration;
			buildSettings = {
				ASSETCATALOG_COMPILER_APPICON_NAME = AppIcon;
				DEVELOPMENT_TEAM = 329J3E6JUK;
				INFOPLIST_FILE = "Emoji Divtionary/Info.plist";
				LD_RUNPATH_SEARCH_PATHS = "$(inherited) @executable_path/Frameworks";
				PRODUCT_BUNDLE_IDENTIFIER = "com.G-H.Emoji-Dictionary";
				PRODUCT_NAME = "$(TARGET_NAME)";
				SWIFT_VERSION = 3.0;
			};
			name = Debug;
		};
		2A416F481E440B3D0010EF4B /* Release */ = {
			isa = XCBuildConfiguration;
			buildSettings = {
				ASSETCATALOG_COMPILER_APPICON_NAME = AppIcon;
				DEVELOPMENT_TEAM = 329J3E6JUK;
				INFOPLIST_FILE = "Emoji Divtionary/Info.plist";
				LD_RUNPATH_SEARCH_PATHS = "$(inherited) @executable_path/Frameworks";
				PRODUCT_BUNDLE_IDENTIFIER = "com.G-H.Emoji-Dictionary";
				PRODUCT_NAME = "$(TARGET_NAME)";
				SWIFT_VERSION = 3.0;
			};
			name = Release;
		};
/* End XCBuildConfiguration section */

/* Begin XCConfigurationList section */
		2A416F2F1E440B3D0010EF4B /* Build configuration list for PBXProject "Emoji Dictionary" */ = {
			isa = XCConfigurationList;
			buildConfigurations = (
				2A416F441E440B3D0010EF4B /* Debug */,
				2A416F451E440B3D0010EF4B /* Release */,
			);
			defaultConfigurationIsVisible = 0;
			defaultConfigurationName = Release;
		};
		2A416F461E440B3D0010EF4B /* Build configuration list for PBXNativeTarget "Emoji Dictionary" */ = {
			isa = XCConfigurationList;
			buildConfigurations = (
				2A416F471E440B3D0010EF4B /* Debug */,
				2A416F481E440B3D0010EF4B /* Release */,
			);
			defaultConfigurationIsVisible = 0;
			defaultConfigurationName = Release;
		};
/* End XCConfigurationList section */
	};
	rootObject = 2A416F2C1E440B3D0010EF4B /* Project object */;
}
